// !$*UTF8*$!
{
	archiveVersion = 1;
	classes = {
	};
	objectVersion = 46;
	objects = {

/* Begin PBXBuildFile section */
		09737C1517C1C6CE007379FE /* MAX_MSP_RTC.cpp in Sources */ = {isa = PBXBuildFile; fileRef = 09737C1317C1C6CE007379FE /* MAX_MSP_RTC.cpp */; };
		09737C1617C1C6CE007379FE /* MAX_MSP_RTC.h in Headers */ = {isa = PBXBuildFile; fileRef = 09737C1417C1C6CE007379FE /* MAX_MSP_RTC.h */; };
		0997588317C37A0400EFA41A /* RTMPort.h in Headers */ = {isa = PBXBuildFile; fileRef = 0997588217C37A0400EFA41A /* RTMPort.h */; };
		09B283AB17C4FA8400B9284A /* libRTC.a in Frameworks */ = {isa = PBXBuildFile; fileRef = 09B283A917C4FA8400B9284A /* libRTC.a */; };
		09B283AC17C4FA8400B9284A /* libcoil.a in Frameworks */ = {isa = PBXBuildFile; fileRef = 09B283AA17C4FA8400B9284A /* libcoil.a */; };
		09B283B017C4FA9700B9284A /* libomniDynamic4.a in Frameworks */ = {isa = PBXBuildFile; fileRef = 09B283AD17C4FA9700B9284A /* libomniDynamic4.a */; };
		09B283B117C4FA9700B9284A /* libomniORB4.a in Frameworks */ = {isa = PBXBuildFile; fileRef = 09B283AE17C4FA9700B9284A /* libomniORB4.a */; };
		09B283B217C4FA9700B9284A /* libomnithread.a in Frameworks */ = {isa = PBXBuildFile; fileRef = 09B283AF17C4FA9700B9284A /* libomnithread.a */; };
		09B4985717C4F42E0095CB0D /* maxmspsdk.xcconfig in Resources */ = {isa = PBXBuildFile; fileRef = 09B4985617C4F42E0095CB0D /* maxmspsdk.xcconfig */; };
		09B6C11E17C5057600C95774 /* LongOut.cpp in Sources */ = {isa = PBXBuildFile; fileRef = 09B6C11C17C5057600C95774 /* LongOut.cpp */; };
		09B6C11F17C5057600C95774 /* LongOut.h in Headers */ = {isa = PBXBuildFile; fileRef = 09B6C11D17C5057600C95774 /* LongOut.h */; };
		09F7559017C483160078847D /* LongIn.cpp in Sources */ = {isa = PBXBuildFile; fileRef = 09F7558F17C483160078847D /* LongIn.cpp */; };
		09FEA43917C4D4BC0035CDC5 /* RTCGateway.cpp in Sources */ = {isa = PBXBuildFile; fileRef = 09FEA43717C4D4BC0035CDC5 /* RTCGateway.cpp */; };
		09FEA43A17C4D4BC0035CDC5 /* RTCGateway.h in Headers */ = {isa = PBXBuildFile; fileRef = 09FEA43817C4D4BC0035CDC5 /* RTCGateway.h */; };
		22CF118A0EE9A7DF0054F513 /* main.cpp in Sources */ = {isa = PBXBuildFile; fileRef = 22CF11890EE9A7DF0054F513 /* main.cpp */; };
		C38F868E17E1591C0090DA06 /* DoubleIn.cpp in Sources */ = {isa = PBXBuildFile; fileRef = C38F868A17E1591C0090DA06 /* DoubleIn.cpp */; };
		C38F868F17E1591C0090DA06 /* DoubleIn.h in Headers */ = {isa = PBXBuildFile; fileRef = C38F868B17E1591C0090DA06 /* DoubleIn.h */; };
		C38F869017E1591C0090DA06 /* DoubleOut.cpp in Sources */ = {isa = PBXBuildFile; fileRef = C38F868C17E1591C0090DA06 /* DoubleOut.cpp */; };
		C38F869117E1591C0090DA06 /* DoubleOut.h in Headers */ = {isa = PBXBuildFile; fileRef = C38F868D17E1591C0090DA06 /* DoubleOut.h */; };
		C38F86AC17E9C5EC0090DA06 /* Velocity2DIn.cpp in Sources */ = {isa = PBXBuildFile; fileRef = C38F86A817E9C5EC0090DA06 /* Velocity2DIn.cpp */; };
		C38F86AD17E9C5EC0090DA06 /* Velocity2DIn.h in Headers */ = {isa = PBXBuildFile; fileRef = C38F86A917E9C5EC0090DA06 /* Velocity2DIn.h */; };
		C38F86AE17E9C5EC0090DA06 /* Velocity2DOut.cpp in Sources */ = {isa = PBXBuildFile; fileRef = C38F86AA17E9C5EC0090DA06 /* Velocity2DOut.cpp */; };
		C38F86AF17E9C5EC0090DA06 /* Velocity2DOut.h in Headers */ = {isa = PBXBuildFile; fileRef = C38F86AB17E9C5EC0090DA06 /* Velocity2DOut.h */; };
		C39795D017EED1DD00B01B2C /* Pose2DIn.cpp in Sources */ = {isa = PBXBuildFile; fileRef = C39795CC17EED1DD00B01B2C /* Pose2DIn.cpp */; };
		C39795D117EED1DD00B01B2C /* Pose2DIn.h in Headers */ = {isa = PBXBuildFile; fileRef = C39795CD17EED1DD00B01B2C /* Pose2DIn.h */; };
		C39795D217EED1DD00B01B2C /* Pose2DOut.cpp in Sources */ = {isa = PBXBuildFile; fileRef = C39795CE17EED1DD00B01B2C /* Pose2DOut.cpp */; };
		C39795D317EED1DD00B01B2C /* Pose2DOut.h in Headers */ = {isa = PBXBuildFile; fileRef = C39795CF17EED1DD00B01B2C /* Pose2DOut.h */; };
/* End PBXBuildFile section */

/* Begin PBXFileReference section */
		09737C1317C1C6CE007379FE /* MAX_MSP_RTC.cpp */ = {isa = PBXFileReference; fileEncoding = 4; lastKnownFileType = sourcecode.cpp.cpp; path = MAX_MSP_RTC.cpp; sourceTree = "<group>"; };
		09737C1417C1C6CE007379FE /* MAX_MSP_RTC.h */ = {isa = PBXFileReference; fileEncoding = 4; lastKnownFileType = sourcecode.c.h; path = MAX_MSP_RTC.h; sourceTree = "<group>"; };
		0997588217C37A0400EFA41A /* RTMPort.h */ = {isa = PBXFileReference; fileEncoding = 4; lastKnownFileType = sourcecode.c.h; path = RTMPort.h; sourceTree = "<group>"; };
		09B283A917C4FA8400B9284A /* libRTC.a */ = {isa = PBXFileReference; lastKnownFileType = archive.ar; name = libRTC.a; path = "rtmsdk-mac/x86_64/lib/libRTC.a"; sourceTree = "<group>"; };
		09B283AA17C4FA8400B9284A /* libcoil.a */ = {isa = PBXFileReference; lastKnownFileType = archive.ar; name = libcoil.a; path = "rtmsdk-mac/x86_64/lib/libcoil.a"; sourceTree = "<group>"; };
		09B283AD17C4FA9700B9284A /* libomniDynamic4.a */ = {isa = PBXFileReference; lastKnownFileType = archive.ar; name = libomniDynamic4.a; path = "rtmsdk-mac/x86_64/lib/libomniDynamic4.a"; sourceTree = "<group>"; };
		09B283AE17C4FA9700B9284A /* libomniORB4.a */ = {isa = PBXFileReference; lastKnownFileType = archive.ar; name = libomniORB4.a; path = "rtmsdk-mac/x86_64/lib/libomniORB4.a"; sourceTree = "<group>"; };
		09B283AF17C4FA9700B9284A /* libomnithread.a */ = {isa = PBXFileReference; lastKnownFileType = archive.ar; name = libomnithread.a; path = "rtmsdk-mac/x86_64/lib/libomnithread.a"; sourceTree = "<group>"; };
		09B4985617C4F42E0095CB0D /* maxmspsdk.xcconfig */ = {isa = PBXFileReference; fileEncoding = 4; lastKnownFileType = text.xcconfig; path = maxmspsdk.xcconfig; sourceTree = "<group>"; };
		09B6C11C17C5057600C95774 /* LongOut.cpp */ = {isa = PBXFileReference; fileEncoding = 4; lastKnownFileType = sourcecode.cpp.cpp; path = LongOut.cpp; sourceTree = "<group>"; };
		09B6C11D17C5057600C95774 /* LongOut.h */ = {isa = PBXFileReference; fileEncoding = 4; lastKnownFileType = sourcecode.c.h; path = LongOut.h; sourceTree = "<group>"; };
		09F7558E17C483060078847D /* LongIn.h */ = {isa = PBXFileReference; lastKnownFileType = sourcecode.c.h; path = LongIn.h; sourceTree = "<group>"; };
		09F7558F17C483160078847D /* LongIn.cpp */ = {isa = PBXFileReference; fileEncoding = 4; lastKnownFileType = sourcecode.cpp.cpp; path = LongIn.cpp; sourceTree = "<group>"; };
		09FEA43717C4D4BC0035CDC5 /* RTCGateway.cpp */ = {isa = PBXFileReference; fileEncoding = 4; lastKnownFileType = sourcecode.cpp.cpp; path = RTCGateway.cpp; sourceTree = "<group>"; };
		09FEA43817C4D4BC0035CDC5 /* RTCGateway.h */ = {isa = PBXFileReference; fileEncoding = 4; lastKnownFileType = sourcecode.c.h; path = RTCGateway.h; sourceTree = "<group>"; };
		22CF11890EE9A7DF0054F513 /* main.cpp */ = {isa = PBXFileReference; fileEncoding = 4; lastKnownFileType = sourcecode.cpp.cpp; path = main.cpp; sourceTree = "<group>"; };
		2FBBEAE508F335360078DB84 /* RTC.mxo */ = {isa = PBXFileReference; explicitFileType = wrapper.cfbundle; includeInIndex = 0; path = RTC.mxo; sourceTree = BUILT_PRODUCTS_DIR; };
		C38F868A17E1591C0090DA06 /* DoubleIn.cpp */ = {isa = PBXFileReference; fileEncoding = 4; lastKnownFileType = sourcecode.cpp.cpp; path = DoubleIn.cpp; sourceTree = "<group>"; };
		C38F868B17E1591C0090DA06 /* DoubleIn.h */ = {isa = PBXFileReference; fileEncoding = 4; lastKnownFileType = sourcecode.c.h; path = DoubleIn.h; sourceTree = "<group>"; };
		C38F868C17E1591C0090DA06 /* DoubleOut.cpp */ = {isa = PBXFileReference; fileEncoding = 4; lastKnownFileType = sourcecode.cpp.cpp; path = DoubleOut.cpp; sourceTree = "<group>"; };
		C38F868D17E1591C0090DA06 /* DoubleOut.h */ = {isa = PBXFileReference; fileEncoding = 4; lastKnownFileType = sourcecode.c.h; path = DoubleOut.h; sourceTree = "<group>"; };
		C38F86A817E9C5EC0090DA06 /* Velocity2DIn.cpp */ = {isa = PBXFileReference; fileEncoding = 4; lastKnownFileType = sourcecode.cpp.cpp; path = Velocity2DIn.cpp; sourceTree = "<group>"; };
		C38F86A917E9C5EC0090DA06 /* Velocity2DIn.h */ = {isa = PBXFileReference; fileEncoding = 4; lastKnownFileType = sourcecode.c.h; path = Velocity2DIn.h; sourceTree = "<group>"; };
		C38F86AA17E9C5EC0090DA06 /* Velocity2DOut.cpp */ = {isa = PBXFileReference; fileEncoding = 4; lastKnownFileType = sourcecode.cpp.cpp; path = Velocity2DOut.cpp; sourceTree = "<group>"; };
		C38F86AB17E9C5EC0090DA06 /* Velocity2DOut.h */ = {isa = PBXFileReference; fileEncoding = 4; lastKnownFileType = sourcecode.c.h; path = Velocity2DOut.h; sourceTree = "<group>"; };
		C39795CC17EED1DD00B01B2C /* Pose2DIn.cpp */ = {isa = PBXFileReference; fileEncoding = 4; lastKnownFileType = sourcecode.cpp.cpp; path = Pose2DIn.cpp; sourceTree = "<group>"; };
		C39795CD17EED1DD00B01B2C /* Pose2DIn.h */ = {isa = PBXFileReference; fileEncoding = 4; lastKnownFileType = sourcecode.c.h; path = Pose2DIn.h; sourceTree = "<group>"; };
		C39795CE17EED1DD00B01B2C /* Pose2DOut.cpp */ = {isa = PBXFileReference; fileEncoding = 4; lastKnownFileType = sourcecode.cpp.cpp; path = Pose2DOut.cpp; sourceTree = "<group>"; };
		C39795CF17EED1DD00B01B2C /* Pose2DOut.h */ = {isa = PBXFileReference; fileEncoding = 4; lastKnownFileType = sourcecode.c.h; path = Pose2DOut.h; sourceTree = "<group>"; };
/* End PBXFileReference section */

/* Begin PBXFrameworksBuildPhase section */
		2FBBEADC08F335360078DB84 /* Frameworks */ = {
			isa = PBXFrameworksBuildPhase;
			buildActionMask = 2147483647;
			files = (
				09B283AB17C4FA8400B9284A /* libRTC.a in Frameworks */,
				09B283AC17C4FA8400B9284A /* libcoil.a in Frameworks */,
				09B283B017C4FA9700B9284A /* libomniDynamic4.a in Frameworks */,
				09B283B117C4FA9700B9284A /* libomniORB4.a in Frameworks */,
				09B283B217C4FA9700B9284A /* libomnithread.a in Frameworks */,
			);
			runOnlyForDeploymentPostprocessing = 0;
		};
/* End PBXFrameworksBuildPhase section */

/* Begin PBXGroup section */
		089C166AFE841209C02AAC07 /* iterator */ = {
			isa = PBXGroup;
			children = (
				C38F86A817E9C5EC0090DA06 /* Velocity2DIn.cpp */,
				C38F86A917E9C5EC0090DA06 /* Velocity2DIn.h */,
				C38F86AA17E9C5EC0090DA06 /* Velocity2DOut.cpp */,
				C38F86AB17E9C5EC0090DA06 /* Velocity2DOut.h */,
				09B6C11C17C5057600C95774 /* LongOut.cpp */,
				09B6C11D17C5057600C95774 /* LongOut.h */,
				09B283AD17C4FA9700B9284A /* libomniDynamic4.a */,
				09B283AE17C4FA9700B9284A /* libomniORB4.a */,
				09B283AF17C4FA9700B9284A /* libomnithread.a */,
				C39795CC17EED1DD00B01B2C /* Pose2DIn.cpp */,
				C39795CD17EED1DD00B01B2C /* Pose2DIn.h */,
				C39795CE17EED1DD00B01B2C /* Pose2DOut.cpp */,
				C39795CF17EED1DD00B01B2C /* Pose2DOut.h */,
				09B283A917C4FA8400B9284A /* libRTC.a */,
				09B283AA17C4FA8400B9284A /* libcoil.a */,
				C38F868A17E1591C0090DA06 /* DoubleIn.cpp */,
				C38F868B17E1591C0090DA06 /* DoubleIn.h */,
				C38F868C17E1591C0090DA06 /* DoubleOut.cpp */,
				C38F868D17E1591C0090DA06 /* DoubleOut.h */,
				09B4985617C4F42E0095CB0D /* maxmspsdk.xcconfig */,
				09FEA43717C4D4BC0035CDC5 /* RTCGateway.cpp */,
				09FEA43817C4D4BC0035CDC5 /* RTCGateway.h */,
				09F7558F17C483160078847D /* LongIn.cpp */,
				09F7558E17C483060078847D /* LongIn.h */,
				0997588217C37A0400EFA41A /* RTMPort.h */,
				09737C1317C1C6CE007379FE /* MAX_MSP_RTC.cpp */,
				09737C1417C1C6CE007379FE /* MAX_MSP_RTC.h */,
				22CF11890EE9A7DF0054F513 /* main.cpp */,
				19C28FB4FE9D528D11CA2CBB /* Products */,
			);
			name = iterator;
			sourceTree = "<group>";
		};
		19C28FB4FE9D528D11CA2CBB /* Products */ = {
			isa = PBXGroup;
			children = (
				2FBBEAE508F335360078DB84 /* RTC.mxo */,
			);
			name = Products;
			sourceTree = "<group>";
		};
/* End PBXGroup section */

/* Begin PBXHeadersBuildPhase section */
		2FBBEAD708F335360078DB84 /* Headers */ = {
			isa = PBXHeadersBuildPhase;
			buildActionMask = 2147483647;
			files = (
				09737C1617C1C6CE007379FE /* MAX_MSP_RTC.h in Headers */,
				0997588317C37A0400EFA41A /* RTMPort.h in Headers */,
				09FEA43A17C4D4BC0035CDC5 /* RTCGateway.h in Headers */,
				09B6C11F17C5057600C95774 /* LongOut.h in Headers */,
				C38F868F17E1591C0090DA06 /* DoubleIn.h in Headers */,
				C38F869117E1591C0090DA06 /* DoubleOut.h in Headers */,
				C38F86AD17E9C5EC0090DA06 /* Velocity2DIn.h in Headers */,
				C38F86AF17E9C5EC0090DA06 /* Velocity2DOut.h in Headers */,
				C39795D117EED1DD00B01B2C /* Pose2DIn.h in Headers */,
				C39795D317EED1DD00B01B2C /* Pose2DOut.h in Headers */,
			);
			runOnlyForDeploymentPostprocessing = 0;
		};
/* End PBXHeadersBuildPhase section */

/* Begin PBXNativeTarget section */
		2FBBEAD608F335360078DB84 /* max-external */ = {
			isa = PBXNativeTarget;
			buildConfigurationList = 2FBBEAE008F335360078DB84 /* Build configuration list for PBXNativeTarget "max-external" */;
			buildPhases = (
				2FBBEAD708F335360078DB84 /* Headers */,
				2FBBEAD808F335360078DB84 /* Resources */,
				2FBBEADA08F335360078DB84 /* Sources */,
				2FBBEADC08F335360078DB84 /* Frameworks */,
				2FBBEADF08F335360078DB84 /* Rez */,
				09D1C3F617C26BA4002F86C3 /* ShellScript */,
			);
			buildRules = (
			);
			dependencies = (
			);
			name = "max-external";
			productName = iterator;
			productReference = 2FBBEAE508F335360078DB84 /* RTC.mxo */;
			productType = "com.apple.product-type.bundle";
		};
/* End PBXNativeTarget section */

/* Begin PBXProject section */
		089C1669FE841209C02AAC07 /* Project object */ = {
			isa = PBXProject;
			attributes = {
				LastUpgradeCheck = 0460;
			};
			buildConfigurationList = 2FBBEACF08F335010078DB84 /* Build configuration list for PBXProject "RTC-x86_64" */;
			compatibilityVersion = "Xcode 3.2";
			developmentRegion = English;
			hasScannedForEncodings = 1;
			knownRegions = (
				en,
			);
			mainGroup = 089C166AFE841209C02AAC07 /* iterator */;
			projectDirPath = "";
			projectRoot = "";
			targets = (
				2FBBEAD608F335360078DB84 /* max-external */,
			);
		};
/* End PBXProject section */

/* Begin PBXResourcesBuildPhase section */
		2FBBEAD808F335360078DB84 /* Resources */ = {
			isa = PBXResourcesBuildPhase;
			buildActionMask = 2147483647;
			files = (
				09B4985717C4F42E0095CB0D /* maxmspsdk.xcconfig in Resources */,
			);
			runOnlyForDeploymentPostprocessing = 0;
		};
/* End PBXResourcesBuildPhase section */

/* Begin PBXRezBuildPhase section */
		2FBBEADF08F335360078DB84 /* Rez */ = {
			isa = PBXRezBuildPhase;
			buildActionMask = 2147483647;
			files = (
			);
			runOnlyForDeploymentPostprocessing = 0;
		};
/* End PBXRezBuildPhase section */

/* Begin PBXShellScriptBuildPhase section */
		09D1C3F617C26BA4002F86C3 /* ShellScript */ = {
			isa = PBXShellScriptBuildPhase;
			buildActionMask = 2147483647;
			files = (
			);
			inputPaths = (
				"$(SRCROOT)/postcompile_i386.sh",
			);
			outputPaths = (
			);
			runOnlyForDeploymentPostprocessing = 0;
			shellPath = /bin/sh;
			shellScript = "#touch /tmp/hoge.log\n\n#EXECFILE=${BUILT_PRODUCTS_DIR}/${EXECUTABLE_PATH}\n#echo $EXECFILE >> /tmp/hoge.log\n#LIBPATH=${BUILT_PRODUCTS_DIR}/${SHARED_SUPPORT_FOLDER_PATH}\n#LIBPATH=/opt/universal/i386/lib\n#NEWLIBPATH=\"@executable_path/../SharedSupport\"\n\n# space separated list of libraries\n#TARGETS=\"libRTC.dylib libcoil.dylib libomniORB4.dylib libomnithread.dylib libomniDynamic4.dylib\"\n#for TARGET in ${TARGETS} ; do\n#LIBFILE=${LIBPATH}/${TARGET}\n#echo $LIBFILE >> /tmp/hoge.log\n#TARGETID=`otool -DX ${LIBPATH}/$TARGET`\n#NEWTARGETID=${NEWLIBPATH}/${TARGET}\n#echo $TARGETID >> /tmp/hoge.log\n#echo $NEWTARGETID >> /tmp/hoge.log\n#install_name_tool -id ${NEWTARGETI\U0013D} ${LIBFILE}\n#install_name_tool -change ${TARGETID} ${NEWTARGETID} ${EXECFILE}\n#done\n";
		};
/* End PBXShellScriptBuildPhase section */

/* Begin PBXSourcesBuildPhase section */
		2FBBEADA08F335360078DB84 /* Sources */ = {
			isa = PBXSourcesBuildPhase;
			buildActionMask = 2147483647;
			files = (
				22CF118A0EE9A7DF0054F513 /* main.cpp in Sources */,
				09737C1517C1C6CE007379FE /* MAX_MSP_RTC.cpp in Sources */,
				09F7559017C483160078847D /* LongIn.cpp in Sources */,
				09FEA43917C4D4BC0035CDC5 /* RTCGateway.cpp in Sources */,
				09B6C11E17C5057600C95774 /* LongOut.cpp in Sources */,
				C38F868E17E1591C0090DA06 /* DoubleIn.cpp in Sources */,
				C38F869017E1591C0090DA06 /* DoubleOut.cpp in Sources */,
				C38F86AC17E9C5EC0090DA06 /* Velocity2DIn.cpp in Sources */,
				C38F86AE17E9C5EC0090DA06 /* Velocity2DOut.cpp in Sources */,
				C39795D017EED1DD00B01B2C /* Pose2DIn.cpp in Sources */,
				C39795D217EED1DD00B01B2C /* Pose2DOut.cpp in Sources */,
			);
			runOnlyForDeploymentPostprocessing = 0;
		};
/* End PBXSourcesBuildPhase section */

/* Begin XCBuildConfiguration section */
		2FBBEAD008F335010078DB84 /* Development */ = {
			isa = XCBuildConfiguration;
			buildSettings = {
				ARCHS = "$(ARCHS_STANDARD_64_BIT)";
				GCC_VERSION = com.apple.compilers.llvmgcc42;
			};
			name = Development;
		};
		2FBBEAD108F335010078DB84 /* Deployment */ = {
			isa = XCBuildConfiguration;
			buildSettings = {
				ARCHS = "$(ARCHS_STANDARD_64_BIT)";
				GCC_VERSION = com.apple.compilers.llvmgcc42;
			};
			name = Deployment;
		};
		2FBBEAE108F335360078DB84 /* Development */ = {
			isa = XCBuildConfiguration;
			baseConfigurationReference = 09B4985617C4F42E0095CB0D /* maxmspsdk.xcconfig */;
			buildSettings = {
				ARCHS = "$(ARCHS_STANDARD_64_BIT)";
				COMBINE_HIDPI_IMAGES = YES;
				COPY_PHASE_STRIP = NO;
				DSTROOT = "$(SRCROOT)/externals/x86_64";
				GCC_OPTIMIZATION_LEVEL = 0;
				GCC_VERSION = com.apple.compilers.llvmgcc42;
				HEADER_SEARCH_PATHS = (
					"\"$(C74SUPPORT)/max-includes\"",
					"\"$(C74SUPPORT)/msp-includes\"",
					"\"$(C74SUPPORT)/jit-includes\"",
					"rtmsdk-mac/x86_64/include/openrtm-1.1/rtm/idl",
					"rtmsdk-mac/x86_64/include/openrtm-1.1",
					"rtmsdk-mac/x86_64/include/coil-1.1",
					"rtmsdk-mac/x86_64/include",
				);
				LIBRARY_SEARCH_PATHS = (
					"$(inherited)",
					"\"$(SRCROOT)/x86_64/lib\"",
					"\"$(SRCROOT)/rtmsdk-mac/x86_64/lib\"",
				);
				ONLY_ACTIVE_ARCH = YES;
				OTHER_LDFLAGS = "$(C74_SYM_LINKER_FLAGS)";
				PRODUCT_NAME = RTC;
				VALID_ARCHS = x86_64;
			};
			name = Development;
		};
		2FBBEAE208F335360078DB84 /* Deployment */ = {
			isa = XCBuildConfiguration;
			baseConfigurationReference = 09B4985617C4F42E0095CB0D /* maxmspsdk.xcconfig */;
			buildSettings = {
				ARCHS = "$(ARCHS_STANDARD_64_BIT)";
				COMBINE_HIDPI_IMAGES = YES;
				COPY_PHASE_STRIP = YES;
				DSTROOT = "$(SRCROOT)/externals/x86_64";
				GCC_VERSION = com.apple.compilers.llvmgcc42;
				HEADER_SEARCH_PATHS = (
					"\"$(C74SUPPORT)/max-includes\"",
					"\"$(C74SUPPORT)/msp-includes\"",
					"\"$(C74SUPPORT)/jit-includes\"",
					"rtmsdk-mac/x86_64/include/coil-1.1",
					"rtmsdk-mac/x86_64/include",
					"rtmsdk-mac/x86_64/include/openrtm-1.1",
					"rtmsdk-mac/x86_64/include/openrtm-1.1/rtm/idl",
				);
				LIBRARY_SEARCH_PATHS = (
					"$(inherited)",
					"\"$(SRCROOT)/x86_64/lib\"",
					"\"$(SRCROOT)/rtmsdk-mac/x86_64/lib\"",
				);
				ONLY_ACTIVE_ARCH = YES;
				OTHER_LDFLAGS = "$(C74_SYM_LINKER_FLAGS)";
				PRODUCT_NAME = RTC;
				VALID_ARCHS = x86_64;
			};
			name = Deployment;
		};
/* End XCBuildConfiguration section */

/* Begin XCConfigurationList section */
		2FBBEACF08F335010078DB84 /* Build configuration list for PBXProject "RTC-x86_64" */ = {
			isa = XCConfigurationList;
			buildConfigurations = (
				2FBBEAD008F335010078DB84 /* Development */,
				2FBBEAD108F335010078DB84 /* Deployment */,
			);
			defaultConfigurationIsVisible = 0;
			defaultConfigurationName = Development;
		};
		2FBBEAE008F335360078DB84 /* Build configuration list for PBXNativeTarget "max-external" */ = {
			isa = XCConfigurationList;
			buildConfigurations = (
				2FBBEAE108F335360078DB84 /* Development */,
				2FBBEAE208F335360078DB84 /* Deployment */,
			);
			defaultConfigurationIsVisible = 0;
			defaultConfigurationName = Development;
		};
/* End XCConfigurationList section */
	};
	rootObject = 089C1669FE841209C02AAC07 /* Project object */;
}
