// !$*UTF8*$!
{
	archiveVersion = 1;
	classes = {
	};
	objectVersion = 46;
	objects = {

/* Begin PBXBuildFile section */
		094CE57A17C4FADB007E4292 /* libRTC.a in Frameworks */ = {isa = PBXBuildFile; fileRef = 094CE57817C4FADB007E4292 /* libRTC.a */; };
		094CE57B17C4FADB007E4292 /* libcoil.a in Frameworks */ = {isa = PBXBuildFile; fileRef = 094CE57917C4FADB007E4292 /* libcoil.a */; };
		094CE57F17C4FAE7007E4292 /* libomniDynamic4.a in Frameworks */ = {isa = PBXBuildFile; fileRef = 094CE57C17C4FAE7007E4292 /* libomniDynamic4.a */; };
		094CE58017C4FAE7007E4292 /* libomniORB4.a in Frameworks */ = {isa = PBXBuildFile; fileRef = 094CE57D17C4FAE7007E4292 /* libomniORB4.a */; };
		094CE58117C4FAE7007E4292 /* libomnithread.a in Frameworks */ = {isa = PBXBuildFile; fileRef = 094CE57E17C4FAE7007E4292 /* libomnithread.a */; };
		09737C1517C1C6CE007379FE /* MAX_MSP_RTC.cpp in Sources */ = {isa = PBXBuildFile; fileRef = 09737C1317C1C6CE007379FE /* MAX_MSP_RTC.cpp */; };
		09737C1617C1C6CE007379FE /* MAX_MSP_RTC.h in Headers */ = {isa = PBXBuildFile; fileRef = 09737C1417C1C6CE007379FE /* MAX_MSP_RTC.h */; };
		09A4DADC17C4F5570051C86B /* maxmspsdk.xcconfig in Resources */ = {isa = PBXBuildFile; fileRef = 09A4DADB17C4F5570051C86B /* maxmspsdk.xcconfig */; };
		09B8179717C4F22700AD18A6 /* LongIn.cpp in Sources */ = {isa = PBXBuildFile; fileRef = 09B8179517C4F22700AD18A6 /* LongIn.cpp */; };
		09B8179817C4F22700AD18A6 /* LongIn.h in Headers */ = {isa = PBXBuildFile; fileRef = 09B8179617C4F22700AD18A6 /* LongIn.h */; };
		09F7558D17C37D470078847D /* RTMPort.h in Headers */ = {isa = PBXBuildFile; fileRef = 09F7558C17C37D470078847D /* RTMPort.h */; };
		09FEA43C17C4D5DF0035CDC5 /* main.cpp in Sources */ = {isa = PBXBuildFile; fileRef = 09FEA43B17C4D5DF0035CDC5 /* main.cpp */; };
		09FEA43F17C4DF190035CDC5 /* RTCGateway.cpp in Sources */ = {isa = PBXBuildFile; fileRef = 09FEA43D17C4DF190035CDC5 /* RTCGateway.cpp */; };
		09FEA44017C4DF190035CDC5 /* RTCGateway.h in Headers */ = {isa = PBXBuildFile; fileRef = 09FEA43E17C4DF190035CDC5 /* RTCGateway.h */; };
/* End PBXBuildFile section */

/* Begin PBXFileReference section */
		094CE57817C4FADB007E4292 /* libRTC.a */ = {isa = PBXFileReference; lastKnownFileType = archive.ar; name = libRTC.a; path = "rtmsdk-mac/i386/lib/libRTC.a"; sourceTree = "<group>"; };
		094CE57917C4FADB007E4292 /* libcoil.a */ = {isa = PBXFileReference; lastKnownFileType = archive.ar; name = libcoil.a; path = "rtmsdk-mac/i386/lib/libcoil.a"; sourceTree = "<group>"; };
		094CE57C17C4FAE7007E4292 /* libomniDynamic4.a */ = {isa = PBXFileReference; lastKnownFileType = archive.ar; name = libomniDynamic4.a; path = "rtmsdk-mac/i386/lib/libomniDynamic4.a"; sourceTree = "<group>"; };
		094CE57D17C4FAE7007E4292 /* libomniORB4.a */ = {isa = PBXFileReference; lastKnownFileType = archive.ar; name = libomniORB4.a; path = "rtmsdk-mac/i386/lib/libomniORB4.a"; sourceTree = "<group>"; };
		094CE57E17C4FAE7007E4292 /* libomnithread.a */ = {isa = PBXFileReference; lastKnownFileType = archive.ar; name = libomnithread.a; path = "rtmsdk-mac/i386/lib/libomnithread.a"; sourceTree = "<group>"; };
		09737C1317C1C6CE007379FE /* MAX_MSP_RTC.cpp */ = {isa = PBXFileReference; fileEncoding = 4; lastKnownFileType = sourcecode.cpp.cpp; path = MAX_MSP_RTC.cpp; sourceTree = "<group>"; };
		09737C1417C1C6CE007379FE /* MAX_MSP_RTC.h */ = {isa = PBXFileReference; fileEncoding = 4; lastKnownFileType = sourcecode.c.h; path = MAX_MSP_RTC.h; sourceTree = "<group>"; };
		09A4DADB17C4F5570051C86B /* maxmspsdk.xcconfig */ = {isa = PBXFileReference; fileEncoding = 4; lastKnownFileType = text.xcconfig; path = maxmspsdk.xcconfig; sourceTree = "<group>"; };
		09B8179517C4F22700AD18A6 /* LongIn.cpp */ = {isa = PBXFileReference; fileEncoding = 4; lastKnownFileType = sourcecode.cpp.cpp; path = LongIn.cpp; sourceTree = "<group>"; };
		09B8179617C4F22700AD18A6 /* LongIn.h */ = {isa = PBXFileReference; fileEncoding = 4; lastKnownFileType = sourcecode.c.h; path = LongIn.h; sourceTree = "<group>"; };
		09F7558C17C37D470078847D /* RTMPort.h */ = {isa = PBXFileReference; fileEncoding = 4; lastKnownFileType = sourcecode.c.h; path = RTMPort.h; sourceTree = "<group>"; };
		09FEA43B17C4D5DF0035CDC5 /* main.cpp */ = {isa = PBXFileReference; fileEncoding = 4; lastKnownFileType = sourcecode.cpp.cpp; path = main.cpp; sourceTree = "<group>"; };
		09FEA43D17C4DF190035CDC5 /* RTCGateway.cpp */ = {isa = PBXFileReference; fileEncoding = 4; lastKnownFileType = sourcecode.cpp.cpp; path = RTCGateway.cpp; sourceTree = "<group>"; };
		09FEA43E17C4DF190035CDC5 /* RTCGateway.h */ = {isa = PBXFileReference; fileEncoding = 4; lastKnownFileType = sourcecode.c.h; path = RTCGateway.h; sourceTree = "<group>"; };
		2FBBEAE508F335360078DB84 /* RTCGateway.mxo */ = {isa = PBXFileReference; explicitFileType = wrapper.cfbundle; includeInIndex = 0; path = RTCGateway.mxo; sourceTree = BUILT_PRODUCTS_DIR; };
/* End PBXFileReference section */

/* Begin PBXFrameworksBuildPhase section */
		2FBBEADC08F335360078DB84 /* Frameworks */ = {
			isa = PBXFrameworksBuildPhase;
			buildActionMask = 2147483647;
			files = (
				094CE57A17C4FADB007E4292 /* libRTC.a in Frameworks */,
				094CE57B17C4FADB007E4292 /* libcoil.a in Frameworks */,
				094CE57F17C4FAE7007E4292 /* libomniDynamic4.a in Frameworks */,
				094CE58017C4FAE7007E4292 /* libomniORB4.a in Frameworks */,
				094CE58117C4FAE7007E4292 /* libomnithread.a in Frameworks */,
			);
			runOnlyForDeploymentPostprocessing = 0;
		};
/* End PBXFrameworksBuildPhase section */

/* Begin PBXGroup section */
		089C166AFE841209C02AAC07 /* iterator */ = {
			isa = PBXGroup;
			children = (
				094CE57C17C4FAE7007E4292 /* libomniDynamic4.a */,
				094CE57D17C4FAE7007E4292 /* libomniORB4.a */,
				094CE57E17C4FAE7007E4292 /* libomnithread.a */,
				094CE57817C4FADB007E4292 /* libRTC.a */,
				094CE57917C4FADB007E4292 /* libcoil.a */,
				09A4DADB17C4F5570051C86B /* maxmspsdk.xcconfig */,
				09B8179517C4F22700AD18A6 /* LongIn.cpp */,
				09B8179617C4F22700AD18A6 /* LongIn.h */,
				09FEA43D17C4DF190035CDC5 /* RTCGateway.cpp */,
				09FEA43E17C4DF190035CDC5 /* RTCGateway.h */,
				09FEA43B17C4D5DF0035CDC5 /* main.cpp */,
				09F7558C17C37D470078847D /* RTMPort.h */,
				09737C1317C1C6CE007379FE /* MAX_MSP_RTC.cpp */,
				09737C1417C1C6CE007379FE /* MAX_MSP_RTC.h */,
				19C28FB4FE9D528D11CA2CBB /* Products */,
			);
			name = iterator;
			sourceTree = "<group>";
		};
		19C28FB4FE9D528D11CA2CBB /* Products */ = {
			isa = PBXGroup;
			children = (
				2FBBEAE508F335360078DB84 /* RTCGateway.mxo */,
			);
			name = Products;
			sourceTree = "<group>";
		};
/* End PBXGroup section */

/* Begin PBXHeadersBuildPhase section */
		2FBBEAD708F335360078DB84 /* Headers */ = {
			isa = PBXHeadersBuildPhase;
			buildActionMask = 2147483647;
			files = (
				09737C1617C1C6CE007379FE /* MAX_MSP_RTC.h in Headers */,
				09F7558D17C37D470078847D /* RTMPort.h in Headers */,
				09FEA44017C4DF190035CDC5 /* RTCGateway.h in Headers */,
				09B8179817C4F22700AD18A6 /* LongIn.h in Headers */,
			);
			runOnlyForDeploymentPostprocessing = 0;
		};
/* End PBXHeadersBuildPhase section */

/* Begin PBXNativeTarget section */
		2FBBEAD608F335360078DB84 /* max-external */ = {
			isa = PBXNativeTarget;
			buildConfigurationList = 2FBBEAE008F335360078DB84 /* Build configuration list for PBXNativeTarget "max-external" */;
			buildPhases = (
				2FBBEAD708F335360078DB84 /* Headers */,
				2FBBEAD808F335360078DB84 /* Resources */,
				2FBBEADA08F335360078DB84 /* Sources */,
				2FBBEADC08F335360078DB84 /* Frameworks */,
				2FBBEADF08F335360078DB84 /* Rez */,
				09D1C3F617C26BA4002F86C3 /* ShellScript */,
			);
			buildRules = (
			);
			dependencies = (
			);
			name = "max-external";
			productName = iterator;
			productReference = 2FBBEAE508F335360078DB84 /* RTCGateway.mxo */;
			productType = "com.apple.product-type.bundle";
		};
/* End PBXNativeTarget section */

/* Begin PBXProject section */
		089C1669FE841209C02AAC07 /* Project object */ = {
			isa = PBXProject;
			attributes = {
				LastUpgradeCheck = 0460;
			};
			buildConfigurationList = 2FBBEACF08F335010078DB84 /* Build configuration list for PBXProject "RTCGateway-i386" */;
			compatibilityVersion = "Xcode 3.2";
			developmentRegion = English;
			hasScannedForEncodings = 1;
			knownRegions = (
				en,
			);
			mainGroup = 089C166AFE841209C02AAC07 /* iterator */;
			projectDirPath = "";
			projectRoot = "";
			targets = (
				2FBBEAD608F335360078DB84 /* max-external */,
			);
		};
/* End PBXProject section */

/* Begin PBXResourcesBuildPhase section */
		2FBBEAD808F335360078DB84 /* Resources */ = {
			isa = PBXResourcesBuildPhase;
			buildActionMask = 2147483647;
			files = (
				09A4DADC17C4F5570051C86B /* maxmspsdk.xcconfig in Resources */,
			);
			runOnlyForDeploymentPostprocessing = 0;
		};
/* End PBXResourcesBuildPhase section */

/* Begin PBXRezBuildPhase section */
		2FBBEADF08F335360078DB84 /* Rez */ = {
			isa = PBXRezBuildPhase;
			buildActionMask = 2147483647;
			files = (
			);
			runOnlyForDeploymentPostprocessing = 0;
		};
/* End PBXRezBuildPhase section */

/* Begin PBXShellScriptBuildPhase section */
		09D1C3F617C26BA4002F86C3 /* ShellScript */ = {
			isa = PBXShellScriptBuildPhase;
			buildActionMask = 2147483647;
			files = (
			);
			inputPaths = (
				"$(SRCROOT)/postcompile_i386.sh",
			);
			outputPaths = (
			);
			runOnlyForDeploymentPostprocessing = 0;
			shellPath = /bin/sh;
			shellScript = "#touch /tmp/hoge.log\n\n#EXECFILE=${BUILT_PRODUCTS_DIR}/${EXECUTABLE_PATH}\n#echo $EXECFILE >> /tmp/hoge.log\n#LIBPATH=${BUILT_PRODUCTS_DIR}/${SHARED_SUPPORT_FOLDER_PATH}\n#LIBPATH=/opt/universal/i386/lib\n#NEWLIBPATH=\"@executable_path/../SharedSupport\"\n\n# space separated list of libraries\n#TARGETS=\"libRTC.dylib libcoil.dylib libomniORB4.dylib libomnithread.dylib libomniDynamic4.dylib\"\n#for TARGET in ${TARGETS} ; do\n#LIBFILE=${LIBPATH}/${TARGET}\n#echo $LIBFILE >> /tmp/hoge.log\n#TARGETID=`otool -DX ${LIBPATH}/$TARGET`\n#NEWTARGETID=${NEWLIBPATH}/${TARGET}\n#echo $TARGETID >> /tmp/hoge.log\n#echo $NEWTARGETID >> /tmp/hoge.log\n#install_name_tool -id ${NEWTARGETI\U0013D} ${LIBFILE}\n#install_name_tool -change ${TARGETID} ${NEWTARGETID} ${EXECFILE}\n#done\n";
		};
/* End PBXShellScriptBuildPhase section */

/* Begin PBXSourcesBuildPhase section */
		2FBBEADA08F335360078DB84 /* Sources */ = {
			isa = PBXSourcesBuildPhase;
			buildActionMask = 2147483647;
			files = (
				09737C1517C1C6CE007379FE /* MAX_MSP_RTC.cpp in Sources */,
				09FEA43C17C4D5DF0035CDC5 /* main.cpp in Sources */,
				09FEA43F17C4DF190035CDC5 /* RTCGateway.cpp in Sources */,
				09B8179717C4F22700AD18A6 /* LongIn.cpp in Sources */,
			);
			runOnlyForDeploymentPostprocessing = 0;
		};
/* End PBXSourcesBuildPhase section */

/* Begin XCBuildConfiguration section */
		2FBBEAD008F335010078DB84 /* Development */ = {
			isa = XCBuildConfiguration;
			buildSettings = {
				ARCHS = "$(ARCHS_STANDARD_32_BIT)";
			};
			name = Development;
		};
		2FBBEAD108F335010078DB84 /* Deployment */ = {
			isa = XCBuildConfiguration;
			buildSettings = {
				ARCHS = "$(ARCHS_STANDARD_32_BIT)";
			};
			name = Deployment;
		};
		2FBBEAE108F335360078DB84 /* Development */ = {
			isa = XCBuildConfiguration;
			baseConfigurationReference = 09A4DADB17C4F5570051C86B /* maxmspsdk.xcconfig */;
			buildSettings = {
				ARCHS = "$(ARCHS_STANDARD_32_BIT)";
				COMBINE_HIDPI_IMAGES = YES;
				COPY_PHASE_STRIP = NO;
				DSTROOT = "$(SRCROOT)/externals/i386/";
				GCC_OPTIMIZATION_LEVEL = 0;
				GCC_VERSION = com.apple.compilers.llvmgcc42;
				HEADER_SEARCH_PATHS = (
					"\"$(C74SUPPORT)/max-includes\"",
					"\"$(C74SUPPORT)/msp-includes\"",
					"\"$(C74SUPPORT)/jit-includes\"",
					"rtmsdk-mac/i386/include/openrtm-1.1/rtm/idl",
					"rtmsdk-mac/i386/include/openrtm-1.1",
					"rtmsdk-mac/i386/include/coil-1.1",
					"rtmsdk-mac/i386/include",
				);
				LIBRARY_SEARCH_PATHS = (
					"\"$(SRCROOT)/i386/lib\"",
					"\"$(SRCROOT)/rtmsdk-mac/i386/lib\"",
				);
				ONLY_ACTIVE_ARCH = YES;
				OTHER_LDFLAGS = "$(C74_SYM_LINKER_FLAGS)";
				PRODUCT_NAME = RTCGateway;
				VALID_ARCHS = i386;
			};
			name = Development;
		};
		2FBBEAE208F335360078DB84 /* Deployment */ = {
			isa = XCBuildConfiguration;
			baseConfigurationReference = 09A4DADB17C4F5570051C86B /* maxmspsdk.xcconfig */;
			buildSettings = {
				ARCHS = "$(ARCHS_STANDARD_32_BIT)";
				COMBINE_HIDPI_IMAGES = YES;
				COPY_PHASE_STRIP = YES;
				DSTROOT = "$(SRCROOT)/externals/i386/";
				GCC_VERSION = com.apple.compilers.llvmgcc42;
				HEADER_SEARCH_PATHS = (
					"\"$(C74SUPPORT)/max-includes\"",
					"\"$(C74SUPPORT)/msp-includes\"",
					"\"$(C74SUPPORT)/jit-includes\"",
					"rtmsdk-mac/i386/include/coil-1.1",
					"rtmsdk-mac/i386/include",
					"rtmsdk-mac/i386/include/openrtm-1.1",
					"rtmsdk-mac/i386/include/openrtm-1.1/rtm/idl",
				);
				LIBRARY_SEARCH_PATHS = (
					"\"$(SRCROOT)/i386/lib\"",
					"\"$(SRCROOT)/rtmsdk-mac/i386/lib\"",
				);
				ONLY_ACTIVE_ARCH = YES;
				OTHER_LDFLAGS = "$(C74_SYM_LINKER_FLAGS)";
				PRODUCT_NAME = RTCGateway;
				VALID_ARCHS = i386;
			};
			name = Deployment;
		};
/* End XCBuildConfiguration section */

/* Begin XCConfigurationList section */
		2FBBEACF08F335010078DB84 /* Build configuration list for PBXProject "RTCGateway-i386" */ = {
			isa = XCConfigurationList;
			buildConfigurations = (
				2FBBEAD008F335010078DB84 /* Development */,
				2FBBEAD108F335010078DB84 /* Deployment */,
			);
			defaultConfigurationIsVisible = 0;
			defaultConfigurationName = Development;
		};
		2FBBEAE008F335360078DB84 /* Build configuration list for PBXNativeTarget "max-external" */ = {
			isa = XCConfigurationList;
			buildConfigurations = (
				2FBBEAE108F335360078DB84 /* Development */,
				2FBBEAE208F335360078DB84 /* Deployment */,
			);
			defaultConfigurationIsVisible = 0;
			defaultConfigurationName = Development;
		};
/* End XCConfigurationList section */
	};
	rootObject = 089C1669FE841209C02AAC07 /* Project object */;
}
